
Microsoft Visual Studio Solution File, Format Version 12.00
# Visual Studio Version 16
VisualStudioVersion = 16.0.31911.196
MinimumVisualStudioVersion = 10.0.40219.1
Project("{FAE04EC0-301F-11D3-BF4B-00C04F79EFBC}") = "OOP_FileManager", "OOP_FileManager\OOP_FileManager.csproj", "{9F0EA732-06D3-4E09-9EE1-7480852BBDF3}"
EndProject
Global
	GlobalSection(SolutionConfigurationPlatforms) = preSolution
		Debug|Any CPU = Debug|Any CPU
		Release|Any CPU = Release|Any CPU
	EndGlobalSection
	GlobalSection(ProjectConfigurationPlatforms) = postSolution
		{9F0EA732-06D3-4E09-9EE1-7480852BBDF3}.Debug|Any CPU.ActiveCfg = Debug|Any CPU
		{9F0EA732-06D3-4E09-9EE1-7480852BBDF3}.Debug|Any CPU.Build.0 = Debug|Any CPU
		{9F0EA732-06D3-4E09-9EE1-7480852BBDF3}.Release|Any CPU.ActiveCfg = Release|Any CPU
		{9F0EA732-06D3-4E09-9EE1-7480852BBDF3}.Release|Any CPU.Build.0 = Release|Any CPU
	EndGlobalSection
	GlobalSection(SolutionProperties) = preSolution
		HideSolutionNode = FALSE
	EndGlobalSection
	GlobalSection(ExtensibilityGlobals) = postSolution
		SolutionGuid = {7402C04E-230A-4A67-BC5D-BB0758C44D68}
	EndGlobalSection
EndGlobal
